// !$*UTF8*$!
{
	archiveVersion = 1;
	classes = {
	};
	objectVersion = 46;
	objects = {

/* Begin PBXBuildFile section */
		45296DD3187CDCAB001103A1 /* Default-568h@2x.png in Resources */ = {isa = PBXBuildFile; fileRef = 45296DD0187CDCAB001103A1 /* Default-568h@2x.png */; };
		45296DD4187CDCAB001103A1 /* Default.png in Resources */ = {isa = PBXBuildFile; fileRef = 45296DD1187CDCAB001103A1 /* Default.png */; };
		45296DD5187CDCAB001103A1 /* Default@2x.png in Resources */ = {isa = PBXBuildFile; fileRef = 45296DD2187CDCAB001103A1 /* Default@2x.png */; };
		45296DE1187CDD27001103A1 /* InfoPlist.strings in Resources */ = {isa = PBXBuildFile; fileRef = 45296DDD187CDD27001103A1 /* InfoPlist.strings */; };
		45296DE2187CDD27001103A1 /* MainStoryboard.storyboard in Resources */ = {isa = PBXBuildFile; fileRef = 45296DDF187CDD27001103A1 /* MainStoryboard.storyboard */; };
		45386B93187CA51B00168C83 /* UIKit.framework in Frameworks */ = {isa = PBXBuildFile; fileRef = 45386B92187CA51B00168C83 /* UIKit.framework */; };
		45386B95187CA51B00168C83 /* Foundation.framework in Frameworks */ = {isa = PBXBuildFile; fileRef = 45386B94187CA51B00168C83 /* Foundation.framework */; };
		45386B97187CA51B00168C83 /* CoreGraphics.framework in Frameworks */ = {isa = PBXBuildFile; fileRef = 45386B96187CA51B00168C83 /* CoreGraphics.framework */; };
/* End PBXBuildFile section */

/* Begin PBXFileReference section */
		45296DD0187CDCAB001103A1 /* Default-568h@2x.png */ = {isa = PBXFileReference; lastKnownFileType = image.png; path = "Default-568h@2x.png"; sourceTree = "<group>"; };
		45296DD1187CDCAB001103A1 /* Default.png */ = {isa = PBXFileReference; lastKnownFileType = image.png; path = Default.png; sourceTree = "<group>"; };
		45296DD2187CDCAB001103A1 /* Default@2x.png */ = {isa = PBXFileReference; lastKnownFileType = image.png; path = "Default@2x.png"; sourceTree = "<group>"; };
		45296DD6187CDCBA001103A1 /* assessment-Info.plist */ = {isa = PBXFileReference; lastKnownFileType = text.plist.xml; path = "assessment-Info.plist"; sourceTree = "<group>"; };
		45296DD7187CDCBA001103A1 /* assessment-Prefix.pch */ = {isa = PBXFileReference; lastKnownFileType = sourcecode.c.h; path = "assessment-Prefix.pch"; sourceTree = "<group>"; };
		45296DD8187CDCBA001103A1 /* main.m */ = {isa = PBXFileReference; lastKnownFileType = sourcecode.c.objc; path = main.m; sourceTree = "<group>"; };
		45296DD9187CDCCA001103A1 /* AppDelegate.h */ = {isa = PBXFileReference; lastKnownFileType = sourcecode.c.h; path = AppDelegate.h; sourceTree = "<group>"; };
		45296DDA187CDCCA001103A1 /* AppDelegate.m */ = {isa = PBXFileReference; lastKnownFileType = sourcecode.c.objc; path = AppDelegate.m; sourceTree = "<group>"; };
		45296DDB187CDCD3001103A1 /* ViewController.h */ = {isa = PBXFileReference; lastKnownFileType = sourcecode.c.h; path = ViewController.h; sourceTree = "<group>"; };
		45296DDC187CDCD3001103A1 /* ViewController.m */ = {isa = PBXFileReference; lastKnownFileType = sourcecode.c.objc; path = ViewController.m; sourceTree = "<group>"; };
		45296DDE187CDD27001103A1 /* en */ = {isa = PBXFileReference; lastKnownFileType = text.plist.strings; name = en; path = InfoPlist.strings; sourceTree = "<group>"; };
		45296DE0187CDD27001103A1 /* en */ = {isa = PBXFileReference; lastKnownFileType = file.storyboard; name = en; path = MainStoryboard.storyboard; sourceTree = "<group>"; };
		45386B8F187CA51B00168C83 /* assessment.app */ = {isa = PBXFileReference; explicitFileType = wrapper.application; includeInIndex = 0; path = assessment.app; sourceTree = BUILT_PRODUCTS_DIR; };
		45386B92187CA51B00168C83 /* UIKit.framework */ = {isa = PBXFileReference; lastKnownFileType = wrapper.framework; name = UIKit.framework; path = System/Library/Frameworks/UIKit.framework; sourceTree = SDKROOT; };
		45386B94187CA51B00168C83 /* Foundation.framework */ = {isa = PBXFileReference; lastKnownFileType = wrapper.framework; name = Foundation.framework; path = System/Library/Frameworks/Foundation.framework; sourceTree = SDKROOT; };
		45386B96187CA51B00168C83 /* CoreGraphics.framework */ = {isa = PBXFileReference; lastKnownFileType = wrapper.framework; name = CoreGraphics.framework; path = System/Library/Frameworks/CoreGraphics.framework; sourceTree = SDKROOT; };
/* End PBXFileReference section */

/* Begin PBXFrameworksBuildPhase section */
		45386B8C187CA51B00168C83 /* Frameworks */ = {
			isa = PBXFrameworksBuildPhase;
			buildActionMask = 2147483647;
			files = (
				45386B93187CA51B00168C83 /* UIKit.framework in Frameworks */,
				45386B95187CA51B00168C83 /* Foundation.framework in Frameworks */,
				45386B97187CA51B00168C83 /* CoreGraphics.framework in Frameworks */,
			);
			runOnlyForDeploymentPostprocessing = 0;
		};
/* End PBXFrameworksBuildPhase section */

/* Begin PBXGroup section */
		45296DC5187CDB8D001103A1 /* Resources */ = {
			isa = PBXGroup;
			children = (
				45296DD6187CDCBA001103A1 /* assessment-Info.plist */,
				45296DD7187CDCBA001103A1 /* assessment-Prefix.pch */,
				45296DD8187CDCBA001103A1 /* main.m */,
				45296DC9187CDBB1001103A1 /* Images */,
			);
			path = Resources;
			sourceTree = "<group>";
		};
		45296DC6187CDB96001103A1 /* Sources */ = {
			isa = PBXGroup;
			children = (
				45296DD9187CDCCA001103A1 /* AppDelegate.h */,
				45296DDA187CDCCA001103A1 /* AppDelegate.m */,
				45296DC8187CDBA8001103A1 /* ViewControllers */,
			);
			path = Sources;
			sourceTree = "<group>";
		};
		45296DC7187CDB9E001103A1 /* en.lproj */ = {
			isa = PBXGroup;
			children = (
				45296DDD187CDD27001103A1 /* InfoPlist.strings */,
				45296DDF187CDD27001103A1 /* MainStoryboard.storyboard */,
			);
			path = en.lproj;
			sourceTree = "<group>";
		};
		45296DC8187CDBA8001103A1 /* ViewControllers */ = {
			isa = PBXGroup;
			children = (
				45296DDB187CDCD3001103A1 /* ViewController.h */,
				45296DDC187CDCD3001103A1 /* ViewController.m */,
			);
			path = ViewControllers;
			sourceTree = "<group>";
		};
		45296DC9187CDBB1001103A1 /* Images */ = {
			isa = PBXGroup;
			children = (
				45296DD0187CDCAB001103A1 /* Default-568h@2x.png */,
				45296DD1187CDCAB001103A1 /* Default.png */,
				45296DD2187CDCAB001103A1 /* Default@2x.png */,
			);
			path = Images;
			sourceTree = "<group>";
		};
		45386B86187CA51B00168C83 = {
			isa = PBXGroup;
			children = (
				45386B98187CA51B00168C83 /* assessment */,
				45386B91187CA51B00168C83 /* Frameworks */,
				45386B90187CA51B00168C83 /* Products */,
			);
			sourceTree = "<group>";
		};
		45386B90187CA51B00168C83 /* Products */ = {
			isa = PBXGroup;
			children = (
				45386B8F187CA51B00168C83 /* assessment.app */,
			);
			name = Products;
			sourceTree = "<group>";
		};
		45386B91187CA51B00168C83 /* Frameworks */ = {
			isa = PBXGroup;
			children = (
				45386B92187CA51B00168C83 /* UIKit.framework */,
				45386B94187CA51B00168C83 /* Foundation.framework */,
				45386B96187CA51B00168C83 /* CoreGraphics.framework */,
			);
			name = Frameworks;
			sourceTree = "<group>";
		};
		45386B98187CA51B00168C83 /* assessment */ = {
			isa = PBXGroup;
			children = (
				45296DC7187CDB9E001103A1 /* en.lproj */,
				45296DC6187CDB96001103A1 /* Sources */,
				45296DC5187CDB8D001103A1 /* Resources */,
			);
			path = assessment;
			sourceTree = "<group>";
		};
/* End PBXGroup section */

/* Begin PBXNativeTarget section */
		45386B8E187CA51B00168C83 /* assessment */ = {
			isa = PBXNativeTarget;
			buildConfigurationList = 45386BB2187CA51B00168C83 /* Build configuration list for PBXNativeTarget "assessment" */;
			buildPhases = (
				45386B8B187CA51B00168C83 /* Sources */,
				45386B8C187CA51B00168C83 /* Frameworks */,
				45386B8D187CA51B00168C83 /* Resources */,
			);
			buildRules = (
			);
			dependencies = (
			);
			name = assessment;
			productName = assessment;
			productReference = 45386B8F187CA51B00168C83 /* assessment.app */;
			productType = "com.apple.product-type.application";
		};
/* End PBXNativeTarget section */

/* Begin PBXProject section */
		45386B87187CA51B00168C83 /* Project object */ = {
			isa = PBXProject;
			attributes = {
				LastUpgradeCheck = 0460;
				ORGANIZATIONNAME = "Wouter Scholtens";
			};
			buildConfigurationList = 45386B8A187CA51B00168C83 /* Build configuration list for PBXProject "assessment" */;
			compatibilityVersion = "Xcode 3.2";
			developmentRegion = English;
			hasScannedForEncodings = 0;
			knownRegions = (
				en,
			);
			mainGroup = 45386B86187CA51B00168C83;
			productRefGroup = 45386B90187CA51B00168C83 /* Products */;
			projectDirPath = "";
			projectRoot = "";
			targets = (
				45386B8E187CA51B00168C83 /* assessment */,
			);
		};
/* End PBXProject section */

/* Begin PBXResourcesBuildPhase section */
		45386B8D187CA51B00168C83 /* Resources */ = {
			isa = PBXResourcesBuildPhase;
			buildActionMask = 2147483647;
			files = (
				45296DD3187CDCAB001103A1 /* Default-568h@2x.png in Resources */,
				45296DD4187CDCAB001103A1 /* Default.png in Resources */,
				45296DD5187CDCAB001103A1 /* Default@2x.png in Resources */,
				45296DE1187CDD27001103A1 /* InfoPlist.strings in Resources */,
				45296DE2187CDD27001103A1 /* MainStoryboard.storyboard in Resources */,
			);
			runOnlyForDeploymentPostprocessing = 0;
		};
/* End PBXResourcesBuildPhase section */

/* Begin PBXSourcesBuildPhase section */
		45386B8B187CA51B00168C83 /* Sources */ = {
			isa = PBXSourcesBuildPhase;
			buildActionMask = 2147483647;
			files = (
			);
			runOnlyForDeploymentPostprocessing = 0;
		};
/* End PBXSourcesBuildPhase section */

/* Begin PBXVariantGroup section */
		45296DDD187CDD27001103A1 /* InfoPlist.strings */ = {
			isa = PBXVariantGroup;
			children = (
				45296DDE187CDD27001103A1 /* en */,
			);
			name = InfoPlist.strings;
			sourceTree = "<group>";
		};
		45296DDF187CDD27001103A1 /* MainStoryboard.storyboard */ = {
			isa = PBXVariantGroup;
			children = (
				45296DE0187CDD27001103A1 /* en */,
			);
			name = MainStoryboard.storyboard;
			sourceTree = "<group>";
		};
/* End PBXVariantGroup section */

/* Begin XCBuildConfiguration section */
		45386BB0187CA51B00168C83 /* Debug */ = {
			isa = XCBuildConfiguration;
			buildSettings = {
				ALWAYS_SEARCH_USER_PATHS = NO;
				CLANG_CXX_LANGUAGE_STANDARD = "gnu++0x";
				CLANG_CXX_LIBRARY = "libc++";
				CLANG_ENABLE_OBJC_ARC = YES;
				CLANG_WARN_CONSTANT_CONVERSION = YES;
				CLANG_WARN_EMPTY_BODY = YES;
				CLANG_WARN_ENUM_CONVERSION = YES;
				CLANG_WARN_INT_CONVERSION = YES;
				CLANG_WARN__DUPLICATE_METHOD_MATCH = YES;
				"CODE_SIGN_IDENTITY[sdk=iphoneos*]" = "iPhone Developer";
				COPY_PHASE_STRIP = NO;
				GCC_C_LANGUAGE_STANDARD = gnu99;
				GCC_DYNAMIC_NO_PIC = NO;
				GCC_OPTIMIZATION_LEVEL = 0;
				GCC_PREPROCESSOR_DEFINITIONS = (
					"DEBUG=1",
					"$(inherited)",
				);
				GCC_SYMBOLS_PRIVATE_EXTERN = NO;
				GCC_WARN_ABOUT_RETURN_TYPE = YES;
				GCC_WARN_UNINITIALIZED_AUTOS = YES;
				GCC_WARN_UNUSED_VARIABLE = YES;
				IPHONEOS_DEPLOYMENT_TARGET = 6.1;
				ONLY_ACTIVE_ARCH = YES;
				SDKROOT = iphoneos;
				TARGETED_DEVICE_FAMILY = 2;
			};
			name = Debug;
		};
		45386BB1187CA51B00168C83 /* Release */ = {
			isa = XCBuildConfiguration;
			buildSettings = {
				ALWAYS_SEARCH_USER_PATHS = NO;
				CLANG_CXX_LANGUAGE_STANDARD = "gnu++0x";
				CLANG_CXX_LIBRARY = "libc++";
				CLANG_ENABLE_OBJC_ARC = YES;
				CLANG_WARN_CONSTANT_CONVERSION = YES;
				CLANG_WARN_EMPTY_BODY = YES;
				CLANG_WARN_ENUM_CONVERSION = YES;
				CLANG_WARN_INT_CONVERSION = YES;
				CLANG_WARN__DUPLICATE_METHOD_MATCH = YES;
				"CODE_SIGN_IDENTITY[sdk=iphoneos*]" = "iPhone Developer";
				COPY_PHASE_STRIP = YES;
				GCC_C_LANGUAGE_STANDARD = gnu99;
				GCC_WARN_ABOUT_RETURN_TYPE = YES;
				GCC_WARN_UNINITIALIZED_AUTOS = YES;
				GCC_WARN_UNUSED_VARIABLE = YES;
				IPHONEOS_DEPLOYMENT_TARGET = 6.1;
				OTHER_CFLAGS = "-DNS_BLOCK_ASSERTIONS=1";
				SDKROOT = iphoneos;
				TARGETED_DEVICE_FAMILY = 2;
				VALIDATE_PRODUCT = YES;
			};
			name = Release;
		};
		45386BB3187CA51B00168C83 /* Debug */ = {
			isa = XCBuildConfiguration;
			buildSettings = {
				GCC_PRECOMPILE_PREFIX_HEADER = YES;
				GCC_PREFIX_HEADER = "assessment/Resources/assessment-Prefix.pch";
				INFOPLIST_FILE = "$(SRCROOT)/assessment/Resources/assessment-Info.plist";
				PRODUCT_NAME = "$(TARGET_NAME)";
				WRAPPER_EXTENSION = app;
			};
			name = Debug;
		};
		45386BB4187CA51B00168C83 /* Release */ = {
			isa = XCBuildConfiguration;
			buildSettings = {
				GCC_PRECOMPILE_PREFIX_HEADER = YES;
				GCC_PREFIX_HEADER = "assessment/Resources/assessment-Prefix.pch";
				INFOPLIST_FILE = "$(SRCROOT)/assessment/Resources/assessment-Info.plist";
				PRODUCT_NAME = "$(TARGET_NAME)";
				WRAPPER_EXTENSION = app;
			};
			name = Release;
		};
/* End XCBuildConfiguration section */

/* Begin XCConfigurationList section */
		45386B8A187CA51B00168C83 /* Build configuration list for PBXProject "assessment" */ = {
			isa = XCConfigurationList;
			buildConfigurations = (
				45386BB0187CA51B00168C83 /* Debug */,
				45386BB1187CA51B00168C83 /* Release */,
			);
			defaultConfigurationIsVisible = 0;
			defaultConfigurationName = Release;
		};
		45386BB2187CA51B00168C83 /* Build configuration list for PBXNativeTarget "assessment" */ = {
			isa = XCConfigurationList;
			buildConfigurations = (
				45386BB3187CA51B00168C83 /* Debug */,
				45386BB4187CA51B00168C83 /* Release */,
			);
			defaultConfigurationIsVisible = 0;
			defaultConfigurationName = Release;
		};
/* End XCConfigurationList section */
	};
	rootObject = 45386B87187CA51B00168C83 /* Project object */;
}
